
Microsoft Visual Studio Solution File, Format Version 12.00
# Visual Studio Version 17
VisualStudioVersion = 17.14.36310.24 d17.14
MinimumVisualStudioVersion = 10.0.40219.1
Project("{FAE04EC0-301F-11D3-BF4B-00C04F79EFBC}") = "kas kelas (2)", "kas kelas (2)\kas kelas (2).csproj", "{F1B01E30-55DF-4539-AAFF-69D3436E4773}"
EndProject
Global
	GlobalSection(SolutionConfigurationPlatforms) = preSolution
		Debug|Any CPU = Debug|Any CPU
		Release|Any CPU = Release|Any CPU
	EndGlobalSection
	GlobalSection(ProjectConfigurationPlatforms) = postSolution
		{F1B01E30-55DF-4539-AAFF-69D3436E4773}.Debug|Any CPU.ActiveCfg = Debug|Any CPU
		{F1B01E30-55DF-4539-AAFF-69D3436E4773}.Debug|Any CPU.Build.0 = Debug|Any CPU
		{F1B01E30-55DF-4539-AAFF-69D3436E4773}.Release|Any CPU.ActiveCfg = Release|Any CPU
		{F1B01E30-55DF-4539-AAFF-69D3436E4773}.Release|Any CPU.Build.0 = Release|Any CPU
	EndGlobalSection
	GlobalSection(SolutionProperties) = preSolution
		HideSolutionNode = FALSE
	EndGlobalSection
	GlobalSection(ExtensibilityGlobals) = postSolution
		SolutionGuid = {0AD79079-EA25-4081-96C9-B9D84464ABA4}
	EndGlobalSection
EndGlobal
